
Microsoft Visual Studio Solution File, Format Version 12.00
# Visual Studio 14
VisualStudioVersion = 14.0.23107.0
MinimumVisualStudioVersion = 10.0.40219.1
Project("{FAE04EC0-301F-11D3-BF4B-00C04F79EFBC}") = "FormsSampleWeather", "FormsSampleWeather\FormsSampleWeather\FormsSampleWeather.csproj", "{9D92F4F8-254C-4DA3-8832-1FF18335BEF1}"
EndProject
Project("{FAE04EC0-301F-11D3-BF4B-00C04F79EFBC}") = "FormsSampleWeather.iOS", "FormsSampleWeather\FormsSampleWeather.iOS\FormsSampleWeather.iOS.csproj", "{49E8EA00-7B88-47B7-9A63-4EB283E3C98D}"
EndProject
Project("{FAE04EC0-301F-11D3-BF4B-00C04F79EFBC}") = "FormsSampleWeather.Droid", "FormsSampleWeather\FormsSampleWeather.Droid\FormsSampleWeather.Droid.csproj", "{7672AFBB-9A93-43A8-A7B1-BD89E14B8297}"
EndProject
Project("{FAE04EC0-301F-11D3-BF4B-00C04F79EFBC}") = "FormsSampleWeather.WinPhone", "FormsSampleWeather\FormsSampleWeather.WinPhone\FormsSampleWeather.WinPhone.csproj", "{CD85DD01-F20C-4405-81CD-46604F17D3DF}"
EndProject
Global
	GlobalSection(SolutionConfigurationPlatforms) = preSolution
		Ad-Hoc|Any CPU = Ad-Hoc|Any CPU
		Ad-Hoc|ARM = Ad-Hoc|ARM
		Ad-Hoc|iPhone = Ad-Hoc|iPhone
		Ad-Hoc|iPhoneSimulator = Ad-Hoc|iPhoneSimulator
		Ad-Hoc|x86 = Ad-Hoc|x86
		AppStore|Any CPU = AppStore|Any CPU
		AppStore|ARM = AppStore|ARM
		AppStore|iPhone = AppStore|iPhone
		AppStore|iPhoneSimulator = AppStore|iPhoneSimulator
		AppStore|x86 = AppStore|x86
		Debug|Any CPU = Debug|Any CPU
		Debug|ARM = Debug|ARM
		Debug|iPhone = Debug|iPhone
		Debug|iPhoneSimulator = Debug|iPhoneSimulator
		Debug|x86 = Debug|x86
		Release|Any CPU = Release|Any CPU
		Release|ARM = Release|ARM
		Release|iPhone = Release|iPhone
		Release|iPhoneSimulator = Release|iPhoneSimulator
		Release|x86 = Release|x86
	EndGlobalSection
	GlobalSection(ProjectConfigurationPlatforms) = postSolution
		{9D92F4F8-254C-4DA3-8832-1FF18335BEF1}.Ad-Hoc|Any CPU.ActiveCfg = Release|Any CPU
		{9D92F4F8-254C-4DA3-8832-1FF18335BEF1}.Ad-Hoc|Any CPU.Build.0 = Release|Any CPU
		{9D92F4F8-254C-4DA3-8832-1FF18335BEF1}.Ad-Hoc|ARM.ActiveCfg = Release|Any CPU
		{9D92F4F8-254C-4DA3-8832-1FF18335BEF1}.Ad-Hoc|ARM.Build.0 = Release|Any CPU
		{9D92F4F8-254C-4DA3-8832-1FF18335BEF1}.Ad-Hoc|iPhone.ActiveCfg = Release|Any CPU
		{9D92F4F8-254C-4DA3-8832-1FF18335BEF1}.Ad-Hoc|iPhone.Build.0 = Release|Any CPU
		{9D92F4F8-254C-4DA3-8832-1FF18335BEF1}.Ad-Hoc|iPhoneSimulator.ActiveCfg = Release|Any CPU
		{9D92F4F8-254C-4DA3-8832-1FF18335BEF1}.Ad-Hoc|iPhoneSimulator.Build.0 = Release|Any CPU
		{9D92F4F8-254C-4DA3-8832-1FF18335BEF1}.Ad-Hoc|x86.ActiveCfg = Release|Any CPU
		{9D92F4F8-254C-4DA3-8832-1FF18335BEF1}.Ad-Hoc|x86.Build.0 = Release|Any CPU
		{9D92F4F8-254C-4DA3-8832-1FF18335BEF1}.AppStore|Any CPU.ActiveCfg = Release|Any CPU
		{9D92F4F8-254C-4DA3-8832-1FF18335BEF1}.AppStore|Any CPU.Build.0 = Release|Any CPU
		{9D92F4F8-254C-4DA3-8832-1FF18335BEF1}.AppStore|ARM.ActiveCfg = Release|Any CPU
		{9D92F4F8-254C-4DA3-8832-1FF18335BEF1}.AppStore|ARM.Build.0 = Release|Any CPU
		{9D92F4F8-254C-4DA3-8832-1FF18335BEF1}.AppStore|iPhone.ActiveCfg = Release|Any CPU
		{9D92F4F8-254C-4DA3-8832-1FF18335BEF1}.AppStore|iPhone.Build.0 = Release|Any CPU
		{9D92F4F8-254C-4DA3-8832-1FF18335BEF1}.AppStore|iPhoneSimulator.ActiveCfg = Release|Any CPU
		{9D92F4F8-254C-4DA3-8832-1FF18335BEF1}.AppStore|iPhoneSimulator.Build.0 = Release|Any CPU
		{9D92F4F8-254C-4DA3-8832-1FF18335BEF1}.AppStore|x86.ActiveCfg = Release|Any CPU
		{9D92F4F8-254C-4DA3-8832-1FF18335BEF1}.AppStore|x86.Build.0 = Release|Any CPU
		{9D92F4F8-254C-4DA3-8832-1FF18335BEF1}.Debug|Any CPU.ActiveCfg = Debug|Any CPU
		{9D92F4F8-254C-4DA3-8832-1FF18335BEF1}.Debug|Any CPU.Build.0 = Debug|Any CPU
		{9D92F4F8-254C-4DA3-8832-1FF18335BEF1}.Debug|ARM.ActiveCfg = Debug|Any CPU
		{9D92F4F8-254C-4DA3-8832-1FF18335BEF1}.Debug|ARM.Build.0 = Debug|Any CPU
		{9D92F4F8-254C-4DA3-8832-1FF18335BEF1}.Debug|iPhone.ActiveCfg = Debug|Any CPU
		{9D92F4F8-254C-4DA3-8832-1FF18335BEF1}.Debug|iPhone.Build.0 = Debug|Any CPU
		{9D92F4F8-254C-4DA3-8832-1FF18335BEF1}.Debug|iPhoneSimulator.ActiveCfg = Debug|Any CPU
		{9D92F4F8-254C-4DA3-8832-1FF18335BEF1}.Debug|iPhoneSimulator.Build.0 = Debug|Any CPU
		{9D92F4F8-254C-4DA3-8832-1FF18335BEF1}.Debug|x86.ActiveCfg = Debug|Any CPU
		{9D92F4F8-254C-4DA3-8832-1FF18335BEF1}.Debug|x86.Build.0 = Debug|Any CPU
		{9D92F4F8-254C-4DA3-8832-1FF18335BEF1}.Release|Any CPU.ActiveCfg = Release|Any CPU
		{9D92F4F8-254C-4DA3-8832-1FF18335BEF1}.Release|Any CPU.Build.0 = Release|Any CPU
		{9D92F4F8-254C-4DA3-8832-1FF18335BEF1}.Release|ARM.ActiveCfg = Release|Any CPU
		{9D92F4F8-254C-4DA3-8832-1FF18335BEF1}.Release|ARM.Build.0 = Release|Any CPU
		{9D92F4F8-254C-4DA3-8832-1FF18335BEF1}.Release|iPhone.ActiveCfg = Release|Any CPU
		{9D92F4F8-254C-4DA3-8832-1FF18335BEF1}.Release|iPhone.Build.0 = Release|Any CPU
		{9D92F4F8-254C-4DA3-8832-1FF18335BEF1}.Release|iPhoneSimulator.ActiveCfg = Release|Any CPU
		{9D92F4F8-254C-4DA3-8832-1FF18335BEF1}.Release|iPhoneSimulator.Build.0 = Release|Any CPU
		{9D92F4F8-254C-4DA3-8832-1FF18335BEF1}.Release|x86.ActiveCfg = Release|Any CPU
		{9D92F4F8-254C-4DA3-8832-1FF18335BEF1}.Release|x86.Build.0 = Release|Any CPU
		{49E8EA00-7B88-47B7-9A63-4EB283E3C98D}.Ad-Hoc|Any CPU.ActiveCfg = Ad-Hoc|iPhone
		{49E8EA00-7B88-47B7-9A63-4EB283E3C98D}.Ad-Hoc|ARM.ActiveCfg = Ad-Hoc|iPhone
		{49E8EA00-7B88-47B7-9A63-4EB283E3C98D}.Ad-Hoc|iPhone.ActiveCfg = Ad-Hoc|iPhone
		{49E8EA00-7B88-47B7-9A63-4EB283E3C98D}.Ad-Hoc|iPhone.Build.0 = Ad-Hoc|iPhone
		{49E8EA00-7B88-47B7-9A63-4EB283E3C98D}.Ad-Hoc|iPhoneSimulator.ActiveCfg = Ad-Hoc|iPhoneSimulator
		{49E8EA00-7B88-47B7-9A63-4EB283E3C98D}.Ad-Hoc|iPhoneSimulator.Build.0 = Ad-Hoc|iPhoneSimulator
		{49E8EA00-7B88-47B7-9A63-4EB283E3C98D}.Ad-Hoc|x86.ActiveCfg = Ad-Hoc|iPhone
		{49E8EA00-7B88-47B7-9A63-4EB283E3C98D}.AppStore|Any CPU.ActiveCfg = AppStore|iPhone
		{49E8EA00-7B88-47B7-9A63-4EB283E3C98D}.AppStore|ARM.ActiveCfg = AppStore|iPhone
		{49E8EA00-7B88-47B7-9A63-4EB283E3C98D}.AppStore|iPhone.ActiveCfg = AppStore|iPhone
		{49E8EA00-7B88-47B7-9A63-4EB283E3C98D}.AppStore|iPhone.Build.0 = AppStore|iPhone
		{49E8EA00-7B88-47B7-9A63-4EB283E3C98D}.AppStore|iPhoneSimulator.ActiveCfg = AppStore|iPhoneSimulator
		{49E8EA00-7B88-47B7-9A63-4EB283E3C98D}.AppStore|iPhoneSimulator.Build.0 = AppStore|iPhoneSimulator
		{49E8EA00-7B88-47B7-9A63-4EB283E3C98D}.AppStore|x86.ActiveCfg = AppStore|iPhone
		{49E8EA00-7B88-47B7-9A63-4EB283E3C98D}.Debug|Any CPU.ActiveCfg = Debug|iPhone
		{49E8EA00-7B88-47B7-9A63-4EB283E3C98D}.Debug|ARM.ActiveCfg = Debug|iPhone
		{49E8EA00-7B88-47B7-9A63-4EB283E3C98D}.Debug|iPhone.ActiveCfg = Debug|iPhone
		{49E8EA00-7B88-47B7-9A63-4EB283E3C98D}.Debug|iPhone.Build.0 = Debug|iPhone
		{49E8EA00-7B88-47B7-9A63-4EB283E3C98D}.Debug|iPhoneSimulator.ActiveCfg = Debug|iPhoneSimulator
		{49E8EA00-7B88-47B7-9A63-4EB283E3C98D}.Debug|iPhoneSimulator.Build.0 = Debug|iPhoneSimulator
		{49E8EA00-7B88-47B7-9A63-4EB283E3C98D}.Debug|x86.ActiveCfg = Debug|iPhone
		{49E8EA00-7B88-47B7-9A63-4EB283E3C98D}.Release|Any CPU.ActiveCfg = Release|iPhone
		{49E8EA00-7B88-47B7-9A63-4EB283E3C98D}.Release|ARM.ActiveCfg = Release|iPhone
		{49E8EA00-7B88-47B7-9A63-4EB283E3C98D}.Release|iPhone.ActiveCfg = Release|iPhone
		{49E8EA00-7B88-47B7-9A63-4EB283E3C98D}.Release|iPhone.Build.0 = Release|iPhone
		{49E8EA00-7B88-47B7-9A63-4EB283E3C98D}.Release|iPhoneSimulator.ActiveCfg = Release|iPhoneSimulator
		{49E8EA00-7B88-47B7-9A63-4EB283E3C98D}.Release|iPhoneSimulator.Build.0 = Release|iPhoneSimulator
		{49E8EA00-7B88-47B7-9A63-4EB283E3C98D}.Release|x86.ActiveCfg = Release|iPhone
		{7672AFBB-9A93-43A8-A7B1-BD89E14B8297}.Ad-Hoc|Any CPU.ActiveCfg = Release|Any CPU
		{7672AFBB-9A93-43A8-A7B1-BD89E14B8297}.Ad-Hoc|Any CPU.Build.0 = Release|Any CPU
		{7672AFBB-9A93-43A8-A7B1-BD89E14B8297}.Ad-Hoc|Any CPU.Deploy.0 = Release|Any CPU
		{7672AFBB-9A93-43A8-A7B1-BD89E14B8297}.Ad-Hoc|ARM.ActiveCfg = Release|Any CPU
		{7672AFBB-9A93-43A8-A7B1-BD89E14B8297}.Ad-Hoc|ARM.Build.0 = Release|Any CPU
		{7672AFBB-9A93-43A8-A7B1-BD89E14B8297}.Ad-Hoc|ARM.Deploy.0 = Release|Any CPU
		{7672AFBB-9A93-43A8-A7B1-BD89E14B8297}.Ad-Hoc|iPhone.ActiveCfg = Release|Any CPU
		{7672AFBB-9A93-43A8-A7B1-BD89E14B8297}.Ad-Hoc|iPhone.Build.0 = Release|Any CPU
		{7672AFBB-9A93-43A8-A7B1-BD89E14B8297}.Ad-Hoc|iPhone.Deploy.0 = Release|Any CPU
		{7672AFBB-9A93-43A8-A7B1-BD89E14B8297}.Ad-Hoc|iPhoneSimulator.ActiveCfg = Release|Any CPU
		{7672AFBB-9A93-43A8-A7B1-BD89E14B8297}.Ad-Hoc|iPhoneSimulator.Build.0 = Release|Any CPU
		{7672AFBB-9A93-43A8-A7B1-BD89E14B8297}.Ad-Hoc|iPhoneSimulator.Deploy.0 = Release|Any CPU
		{7672AFBB-9A93-43A8-A7B1-BD89E14B8297}.Ad-Hoc|x86.ActiveCfg = Release|Any CPU
		{7672AFBB-9A93-43A8-A7B1-BD89E14B8297}.Ad-Hoc|x86.Build.0 = Release|Any CPU
		{7672AFBB-9A93-43A8-A7B1-BD89E14B8297}.Ad-Hoc|x86.Deploy.0 = Release|Any CPU
		{7672AFBB-9A93-43A8-A7B1-BD89E14B8297}.AppStore|Any CPU.ActiveCfg = Release|Any CPU
		{7672AFBB-9A93-43A8-A7B1-BD89E14B8297}.AppStore|Any CPU.Build.0 = Release|Any CPU
		{7672AFBB-9A93-43A8-A7B1-BD89E14B8297}.AppStore|Any CPU.Deploy.0 = Release|Any CPU
		{7672AFBB-9A93-43A8-A7B1-BD89E14B8297}.AppStore|ARM.ActiveCfg = Release|Any CPU
		{7672AFBB-9A93-43A8-A7B1-BD89E14B8297}.AppStore|ARM.Build.0 = Release|Any CPU
		{7672AFBB-9A93-43A8-A7B1-BD89E14B8297}.AppStore|ARM.Deploy.0 = Release|Any CPU
		{7672AFBB-9A93-43A8-A7B1-BD89E14B8297}.AppStore|iPhone.ActiveCfg = Release|Any CPU
		{7672AFBB-9A93-43A8-A7B1-BD89E14B8297}.AppStore|iPhone.Build.0 = Release|Any CPU
		{7672AFBB-9A93-43A8-A7B1-BD89E14B8297}.AppStore|iPhone.Deploy.0 = Release|Any CPU
		{7672AFBB-9A93-43A8-A7B1-BD89E14B8297}.AppStore|iPhoneSimulator.ActiveCfg = Release|Any CPU
		{7672AFBB-9A93-43A8-A7B1-BD89E14B8297}.AppStore|iPhoneSimulator.Build.0 = Release|Any CPU
		{7672AFBB-9A93-43A8-A7B1-BD89E14B8297}.AppStore|iPhoneSimulator.Deploy.0 = Release|Any CPU
		{7672AFBB-9A93-43A8-A7B1-BD89E14B8297}.AppStore|x86.ActiveCfg = Release|Any CPU
		{7672AFBB-9A93-43A8-A7B1-BD89E14B8297}.AppStore|x86.Build.0 = Release|Any CPU
		{7672AFBB-9A93-43A8-A7B1-BD89E14B8297}.AppStore|x86.Deploy.0 = Release|Any CPU
		{7672AFBB-9A93-43A8-A7B1-BD89E14B8297}.Debug|Any CPU.ActiveCfg = Debug|Any CPU
		{7672AFBB-9A93-43A8-A7B1-BD89E14B8297}.Debug|Any CPU.Build.0 = Debug|Any CPU
		{7672AFBB-9A93-43A8-A7B1-BD89E14B8297}.Debug|Any CPU.Deploy.0 = Debug|Any CPU
		{7672AFBB-9A93-43A8-A7B1-BD89E14B8297}.Debug|ARM.ActiveCfg = Debug|Any CPU
		{7672AFBB-9A93-43A8-A7B1-BD89E14B8297}.Debug|ARM.Build.0 = Debug|Any CPU
		{7672AFBB-9A93-43A8-A7B1-BD89E14B8297}.Debug|ARM.Deploy.0 = Debug|Any CPU
		{7672AFBB-9A93-43A8-A7B1-BD89E14B8297}.Debug|iPhone.ActiveCfg = Debug|Any CPU
		{7672AFBB-9A93-43A8-A7B1-BD89E14B8297}.Debug|iPhone.Build.0 = Debug|Any CPU
		{7672AFBB-9A93-43A8-A7B1-BD89E14B8297}.Debug|iPhone.Deploy.0 = Debug|Any CPU
		{7672AFBB-9A93-43A8-A7B1-BD89E14B8297}.Debug|iPhoneSimulator.ActiveCfg = Debug|Any CPU
		{7672AFBB-9A93-43A8-A7B1-BD89E14B8297}.Debug|iPhoneSimulator.Build.0 = Debug|Any CPU
		{7672AFBB-9A93-43A8-A7B1-BD89E14B8297}.Debug|iPhoneSimulator.Deploy.0 = Debug|Any CPU
		{7672AFBB-9A93-43A8-A7B1-BD89E14B8297}.Debug|x86.ActiveCfg = Debug|Any CPU
		{7672AFBB-9A93-43A8-A7B1-BD89E14B8297}.Debug|x86.Build.0 = Debug|Any CPU
		{7672AFBB-9A93-43A8-A7B1-BD89E14B8297}.Debug|x86.Deploy.0 = Debug|Any CPU
		{7672AFBB-9A93-43A8-A7B1-BD89E14B8297}.Release|Any CPU.ActiveCfg = Release|Any CPU
		{7672AFBB-9A93-43A8-A7B1-BD89E14B8297}.Release|Any CPU.Build.0 = Release|Any CPU
		{7672AFBB-9A93-43A8-A7B1-BD89E14B8297}.Release|Any CPU.Deploy.0 = Release|Any CPU
		{7672AFBB-9A93-43A8-A7B1-BD89E14B8297}.Release|ARM.ActiveCfg = Release|Any CPU
		{7672AFBB-9A93-43A8-A7B1-BD89E14B8297}.Release|ARM.Build.0 = Release|Any CPU
		{7672AFBB-9A93-43A8-A7B1-BD89E14B8297}.Release|ARM.Deploy.0 = Release|Any CPU
		{7672AFBB-9A93-43A8-A7B1-BD89E14B8297}.Release|iPhone.ActiveCfg = Release|Any CPU
		{7672AFBB-9A93-43A8-A7B1-BD89E14B8297}.Release|iPhone.Build.0 = Release|Any CPU
		{7672AFBB-9A93-43A8-A7B1-BD89E14B8297}.Release|iPhone.Deploy.0 = Release|Any CPU
		{7672AFBB-9A93-43A8-A7B1-BD89E14B8297}.Release|iPhoneSimulator.ActiveCfg = Release|Any CPU
		{7672AFBB-9A93-43A8-A7B1-BD89E14B8297}.Release|iPhoneSimulator.Build.0 = Release|Any CPU
		{7672AFBB-9A93-43A8-A7B1-BD89E14B8297}.Release|iPhoneSimulator.Deploy.0 = Release|Any CPU
		{7672AFBB-9A93-43A8-A7B1-BD89E14B8297}.Release|x86.ActiveCfg = Release|Any CPU
		{7672AFBB-9A93-43A8-A7B1-BD89E14B8297}.Release|x86.Build.0 = Release|Any CPU
		{7672AFBB-9A93-43A8-A7B1-BD89E14B8297}.Release|x86.Deploy.0 = Release|Any CPU
		{CD85DD01-F20C-4405-81CD-46604F17D3DF}.Ad-Hoc|Any CPU.ActiveCfg = Release|Any CPU
		{CD85DD01-F20C-4405-81CD-46604F17D3DF}.Ad-Hoc|Any CPU.Build.0 = Release|Any CPU
		{CD85DD01-F20C-4405-81CD-46604F17D3DF}.Ad-Hoc|Any CPU.Deploy.0 = Release|Any CPU
		{CD85DD01-F20C-4405-81CD-46604F17D3DF}.Ad-Hoc|ARM.ActiveCfg = Release|ARM
		{CD85DD01-F20C-4405-81CD-46604F17D3DF}.Ad-Hoc|ARM.Build.0 = Release|ARM
		{CD85DD01-F20C-4405-81CD-46604F17D3DF}.Ad-Hoc|ARM.Deploy.0 = Release|ARM
		{CD85DD01-F20C-4405-81CD-46604F17D3DF}.Ad-Hoc|iPhone.ActiveCfg = Release|Any CPU
		{CD85DD01-F20C-4405-81CD-46604F17D3DF}.Ad-Hoc|iPhone.Build.0 = Release|Any CPU
		{CD85DD01-F20C-4405-81CD-46604F17D3DF}.Ad-Hoc|iPhone.Deploy.0 = Release|Any CPU
		{CD85DD01-F20C-4405-81CD-46604F17D3DF}.Ad-Hoc|iPhoneSimulator.ActiveCfg = Release|Any CPU
		{CD85DD01-F20C-4405-81CD-46604F17D3DF}.Ad-Hoc|iPhoneSimulator.Build.0 = Release|Any CPU
		{CD85DD01-F20C-4405-81CD-46604F17D3DF}.Ad-Hoc|iPhoneSimulator.Deploy.0 = Release|Any CPU
		{CD85DD01-F20C-4405-81CD-46604F17D3DF}.Ad-Hoc|x86.ActiveCfg = Release|x86
		{CD85DD01-F20C-4405-81CD-46604F17D3DF}.Ad-Hoc|x86.Build.0 = Release|x86
		{CD85DD01-F20C-4405-81CD-46604F17D3DF}.Ad-Hoc|x86.Deploy.0 = Release|x86
		{CD85DD01-F20C-4405-81CD-46604F17D3DF}.AppStore|Any CPU.ActiveCfg = Release|Any CPU
		{CD85DD01-F20C-4405-81CD-46604F17D3DF}.AppStore|Any CPU.Build.0 = Release|Any CPU
		{CD85DD01-F20C-4405-81CD-46604F17D3DF}.AppStore|Any CPU.Deploy.0 = Release|Any CPU
		{CD85DD01-F20C-4405-81CD-46604F17D3DF}.AppStore|ARM.ActiveCfg = Release|ARM
		{CD85DD01-F20C-4405-81CD-46604F17D3DF}.AppStore|ARM.Build.0 = Release|ARM
		{CD85DD01-F20C-4405-81CD-46604F17D3DF}.AppStore|ARM.Deploy.0 = Release|ARM
		{CD85DD01-F20C-4405-81CD-46604F17D3DF}.AppStore|iPhone.ActiveCfg = Release|Any CPU
		{CD85DD01-F20C-4405-81CD-46604F17D3DF}.AppStore|iPhone.Build.0 = Release|Any CPU
		{CD85DD01-F20C-4405-81CD-46604F17D3DF}.AppStore|iPhone.Deploy.0 = Release|Any CPU
		{CD85DD01-F20C-4405-81CD-46604F17D3DF}.AppStore|iPhoneSimulator.ActiveCfg = Release|Any CPU
		{CD85DD01-F20C-4405-81CD-46604F17D3DF}.AppStore|iPhoneSimulator.Build.0 = Release|Any CPU
		{CD85DD01-F20C-4405-81CD-46604F17D3DF}.AppStore|iPhoneSimulator.Deploy.0 = Release|Any CPU
		{CD85DD01-F20C-4405-81CD-46604F17D3DF}.AppStore|x86.ActiveCfg = Release|x86
		{CD85DD01-F20C-4405-81CD-46604F17D3DF}.AppStore|x86.Build.0 = Release|x86
		{CD85DD01-F20C-4405-81CD-46604F17D3DF}.AppStore|x86.Deploy.0 = Release|x86
		{CD85DD01-F20C-4405-81CD-46604F17D3DF}.Debug|Any CPU.ActiveCfg = Debug|Any CPU
		{CD85DD01-F20C-4405-81CD-46604F17D3DF}.Debug|Any CPU.Build.0 = Debug|Any CPU
		{CD85DD01-F20C-4405-81CD-46604F17D3DF}.Debug|Any CPU.Deploy.0 = Debug|Any CPU
		{CD85DD01-F20C-4405-81CD-46604F17D3DF}.Debug|ARM.ActiveCfg = Debug|ARM
		{CD85DD01-F20C-4405-81CD-46604F17D3DF}.Debug|ARM.Build.0 = Debug|ARM
		{CD85DD01-F20C-4405-81CD-46604F17D3DF}.Debug|ARM.Deploy.0 = Debug|ARM
		{CD85DD01-F20C-4405-81CD-46604F17D3DF}.Debug|iPhone.ActiveCfg = Debug|Any CPU
		{CD85DD01-F20C-4405-81CD-46604F17D3DF}.Debug|iPhone.Build.0 = Debug|Any CPU
		{CD85DD01-F20C-4405-81CD-46604F17D3DF}.Debug|iPhone.Deploy.0 = Debug|Any CPU
		{CD85DD01-F20C-4405-81CD-46604F17D3DF}.Debug|iPhoneSimulator.ActiveCfg = Debug|Any CPU
		{CD85DD01-F20C-4405-81CD-46604F17D3DF}.Debug|iPhoneSimulator.Build.0 = Debug|Any CPU
		{CD85DD01-F20C-4405-81CD-46604F17D3DF}.Debug|iPhoneSimulator.Deploy.0 = Debug|Any CPU
		{CD85DD01-F20C-4405-81CD-46604F17D3DF}.Debug|x86.ActiveCfg = Debug|x86
		{CD85DD01-F20C-4405-81CD-46604F17D3DF}.Debug|x86.Build.0 = Debug|x86
		{CD85DD01-F20C-4405-81CD-46604F17D3DF}.Debug|x86.Deploy.0 = Debug|x86
		{CD85DD01-F20C-4405-81CD-46604F17D3DF}.Release|Any CPU.ActiveCfg = Release|Any CPU
		{CD85DD01-F20C-4405-81CD-46604F17D3DF}.Release|Any CPU.Build.0 = Release|Any CPU
		{CD85DD01-F20C-4405-81CD-46604F17D3DF}.Release|Any CPU.Deploy.0 = Release|Any CPU
		{CD85DD01-F20C-4405-81CD-46604F17D3DF}.Release|ARM.ActiveCfg = Release|ARM
		{CD85DD01-F20C-4405-81CD-46604F17D3DF}.Release|ARM.Build.0 = Release|ARM
		{CD85DD01-F20C-4405-81CD-46604F17D3DF}.Release|ARM.Deploy.0 = Release|ARM
		{CD85DD01-F20C-4405-81CD-46604F17D3DF}.Release|iPhone.ActiveCfg = Release|Any CPU
		{CD85DD01-F20C-4405-81CD-46604F17D3DF}.Release|iPhone.Build.0 = Release|Any CPU
		{CD85DD01-F20C-4405-81CD-46604F17D3DF}.Release|iPhone.Deploy.0 = Release|Any CPU
		{CD85DD01-F20C-4405-81CD-46604F17D3DF}.Release|iPhoneSimulator.ActiveCfg = Release|Any CPU
		{CD85DD01-F20C-4405-81CD-46604F17D3DF}.Release|iPhoneSimulator.Build.0 = Release|Any CPU
		{CD85DD01-F20C-4405-81CD-46604F17D3DF}.Release|iPhoneSimulator.Deploy.0 = Release|Any CPU
		{CD85DD01-F20C-4405-81CD-46604F17D3DF}.Release|x86.ActiveCfg = Release|x86
		{CD85DD01-F20C-4405-81CD-46604F17D3DF}.Release|x86.Build.0 = Release|x86
		{CD85DD01-F20C-4405-81CD-46604F17D3DF}.Release|x86.Deploy.0 = Release|x86
	EndGlobalSection
	GlobalSection(SolutionProperties) = preSolution
		HideSolutionNode = FALSE
	EndGlobalSection
EndGlobal
